
Microsoft Visual Studio Solution File, Format Version 12.00
# Visual Studio Version 17
VisualStudioVersion = 17.14.36310.24
MinimumVisualStudioVersion = 10.0.40219.1
Project("{FAE04EC0-301F-11D3-BF4B-00C04F79EFBC}") = "StatusMonitor_trial", "StatusMonitor_trial\StatusMonitor_trial.csproj", "{7A3AD77C-B312-4806-AFD3-895C2498338F}"
EndProject
Global
	GlobalSection(SolutionConfigurationPlatforms) = preSolution
		Debug|Any CPU = Debug|Any CPU
		Release|Any CPU = Release|Any CPU
	EndGlobalSection
	GlobalSection(ProjectConfigurationPlatforms) = postSolution
		{7A3AD77C-B312-4806-AFD3-895C2498338F}.Debug|Any CPU.ActiveCfg = Debug|Any CPU
		{7A3AD77C-B312-4806-AFD3-895C2498338F}.Debug|Any CPU.Build.0 = Debug|Any CPU
		{7A3AD77C-B312-4806-AFD3-895C2498338F}.Release|Any CPU.ActiveCfg = Release|Any CPU
		{7A3AD77C-B312-4806-AFD3-895C2498338F}.Release|Any CPU.Build.0 = Release|Any CPU
	EndGlobalSection
	GlobalSection(SolutionProperties) = preSolution
		HideSolutionNode = FALSE
	EndGlobalSection
	GlobalSection(ExtensibilityGlobals) = postSolution
		SolutionGuid = {3490059B-7B74-4CD9-A816-7B0EA01C9B10}
	EndGlobalSection
EndGlobal
